PODS:
  - DKNightVersion (2.3.1):
    - DKNightVersion/Core (= 2.3.1)
    - DKNightVersion/CoreAnimation (= 2.3.1)
    - DKNightVersion/UIKit (= 2.3.1)
  - DKNightVersion/Core (2.3.1):
    - DKNightVersion/Core/DeallocBlockExecutor (= 2.3.1)
    - DKNightVersion/Core/extobjc (= 2.3.1)
  - DKNightVersion/Core/DeallocBlockExecutor (2.3.1)
  - DKNightVersion/Core/extobjc (2.3.1)
  - DKNightVersion/CoreAnimation (2.3.1):
    - DKNightVersion/Core
  - DKNightVersion/UIKit (2.3.1):
    - DKNightVersion/Core
  - Masonry (1.0.1)

DEPENDENCIES:
  - DKNightVersion
  - Masonry

SPEC CHECKSUMS:
  DKNightVersion: a777bb22a9a68837d89ddd724e1fcaf65581dde4
  Masonry: a1a931a0d08870ed8ae415a2ea5ea68ebcac77df

PODFILE CHECKSUM: e957c9154663f37f96026a1ffdd4a25274bbba97

COCOAPODS: 1.0.1
